
Microsoft Visual Studio Solution File, Format Version 12.00
# Visual Studio 14
VisualStudioVersion = 14.0.23107.0
MinimumVisualStudioVersion = 10.0.40219.1
Project("{FAE04EC0-301F-11D3-BF4B-00C04F79EFBC}") = "ConsoleApp", "ConsoleApp\ConsoleApp.csproj", "{FAAC575C-F963-45C5-847F-1575027B45DD}"
EndProject
Project("{FAE04EC0-301F-11D3-BF4B-00C04F79EFBC}") = "ConsoleApp.Test", "ConsoleApp.Test\ConsoleApp.Test.csproj", "{80805A71-71B8-4DFE-B63F-4D3EE656DFC3}"
EndProject
Global
	GlobalSection(SolutionConfigurationPlatforms) = preSolution
		Debug|Any CPU = Debug|Any CPU
		Debug|x86 = Debug|x86
		Release|Any CPU = Release|Any CPU
		Release|x86 = Release|x86
	EndGlobalSection
	GlobalSection(ProjectConfigurationPlatforms) = postSolution
		{FAAC575C-F963-45C5-847F-1575027B45DD}.Debug|Any CPU.ActiveCfg = Debug|Any CPU
		{FAAC575C-F963-45C5-847F-1575027B45DD}.Debug|Any CPU.Build.0 = Debug|Any CPU
		{FAAC575C-F963-45C5-847F-1575027B45DD}.Debug|x86.ActiveCfg = Debug|Any CPU
		{FAAC575C-F963-45C5-847F-1575027B45DD}.Debug|x86.Build.0 = Debug|Any CPU
		{FAAC575C-F963-45C5-847F-1575027B45DD}.Release|Any CPU.ActiveCfg = Release|Any CPU
		{FAAC575C-F963-45C5-847F-1575027B45DD}.Release|Any CPU.Build.0 = Release|Any CPU
		{FAAC575C-F963-45C5-847F-1575027B45DD}.Release|x86.ActiveCfg = Release|Any CPU
		{FAAC575C-F963-45C5-847F-1575027B45DD}.Release|x86.Build.0 = Release|Any CPU
		{80805A71-71B8-4DFE-B63F-4D3EE656DFC3}.Debug|Any CPU.ActiveCfg = Debug|Any CPU
		{80805A71-71B8-4DFE-B63F-4D3EE656DFC3}.Debug|Any CPU.Build.0 = Debug|Any CPU
		{80805A71-71B8-4DFE-B63F-4D3EE656DFC3}.Debug|x86.ActiveCfg = Debug|Any CPU
		{80805A71-71B8-4DFE-B63F-4D3EE656DFC3}.Debug|x86.Build.0 = Debug|Any CPU
		{80805A71-71B8-4DFE-B63F-4D3EE656DFC3}.Release|Any CPU.ActiveCfg = Release|Any CPU
		{80805A71-71B8-4DFE-B63F-4D3EE656DFC3}.Release|Any CPU.Build.0 = Release|Any CPU
		{80805A71-71B8-4DFE-B63F-4D3EE656DFC3}.Release|x86.ActiveCfg = Release|Any CPU
		{80805A71-71B8-4DFE-B63F-4D3EE656DFC3}.Release|x86.Build.0 = Release|Any CPU
	EndGlobalSection
	GlobalSection(SolutionProperties) = preSolution
		HideSolutionNode = FALSE
	EndGlobalSection
EndGlobal
